
Microsoft Visual Studio Solution File, Format Version 12.00
# Visual Studio Version 16
VisualStudioVersion = 16.0.33801.447
MinimumVisualStudioVersion = 10.0.40219.1
Project("{FAE04EC0-301F-11D3-BF4B-00C04F79EFBC}") = "CarInsurance", "CarInsurance\CarInsurance.csproj", "{440A614E-9D8A-46EA-85EC-6212EC8CB6AF}"
EndProject
Global
	GlobalSection(SolutionConfigurationPlatforms) = preSolution
		Debug|Any CPU = Debug|Any CPU
		Release|Any CPU = Release|Any CPU
	EndGlobalSection
	GlobalSection(ProjectConfigurationPlatforms) = postSolution
		{440A614E-9D8A-46EA-85EC-6212EC8CB6AF}.Debug|Any CPU.ActiveCfg = Debug|Any CPU
		{440A614E-9D8A-46EA-85EC-6212EC8CB6AF}.Debug|Any CPU.Build.0 = Debug|Any CPU
		{440A614E-9D8A-46EA-85EC-6212EC8CB6AF}.Release|Any CPU.ActiveCfg = Release|Any CPU
		{440A614E-9D8A-46EA-85EC-6212EC8CB6AF}.Release|Any CPU.Build.0 = Release|Any CPU
	EndGlobalSection
	GlobalSection(SolutionProperties) = preSolution
		HideSolutionNode = FALSE
	EndGlobalSection
	GlobalSection(ExtensibilityGlobals) = postSolution
		SolutionGuid = {B704C4A4-9D1E-4293-AFF6-FCE0CDE817B6}
	EndGlobalSection
EndGlobal
